
Microsoft Visual Studio Solution File, Format Version 12.00
# Visual Studio Version 16
VisualStudioVersion = 16.0.29728.190
MinimumVisualStudioVersion = 10.0.40219.1
Project("{E24C65DC-7377-472B-9ABA-BC803B73C61A}") = "cozastore", "..\", "{1885A0D6-B471-4C2E-93B3-EC943845228F}"
	ProjectSection(WebsiteProperties) = preProject
		TargetFrameworkMoniker = ".NETFramework,Version%3Dv4.0"
		Debug.AspNetCompiler.VirtualPath = "/localhost_50762"
		Debug.AspNetCompiler.PhysicalPath = "D:\DESCARCARI\cozastore\"
		Debug.AspNetCompiler.TargetPath = "PrecompiledWeb\localhost_50762\"
		Debug.AspNetCompiler.Updateable = "true"
		Debug.AspNetCompiler.ForceOverwrite = "true"
		Debug.AspNetCompiler.FixedNames = "false"
		Debug.AspNetCompiler.Debug = "True"
		Release.AspNetCompiler.VirtualPath = "/localhost_50762"
		Release.AspNetCompiler.PhysicalPath = "D:\DESCARCARI\cozastore\"
		Release.AspNetCompiler.TargetPath = "PrecompiledWeb\localhost_50762\"
		Release.AspNetCompiler.Updateable = "true"
		Release.AspNetCompiler.ForceOverwrite = "true"
		Release.AspNetCompiler.FixedNames = "false"
		Release.AspNetCompiler.Debug = "False"
		VWDPort = "50762"
	EndProjectSection
EndProject
Global
	GlobalSection(SolutionConfigurationPlatforms) = preSolution
		Debug|Any CPU = Debug|Any CPU
	EndGlobalSection
	GlobalSection(ProjectConfigurationPlatforms) = postSolution
		{1885A0D6-B471-4C2E-93B3-EC943845228F}.Debug|Any CPU.ActiveCfg = Debug|Any CPU
		{1885A0D6-B471-4C2E-93B3-EC943845228F}.Debug|Any CPU.Build.0 = Debug|Any CPU
	EndGlobalSection
	GlobalSection(SolutionProperties) = preSolution
		HideSolutionNode = FALSE
	EndGlobalSection
	GlobalSection(ExtensibilityGlobals) = postSolution
		SolutionGuid = {F02BAFB6-39BD-4665-8928-39F0780630E8}
	EndGlobalSection
EndGlobal
